// !$*UTF8*$!
{
	archiveVersion = 1;
	classes = {
	};
	objectVersion = 46;
	objects = {

/* Begin PBXBuildFile section */
		1DC9908C1DE65C5F00C4F054 /* AppDelegate.swift in Sources */ = {isa = PBXBuildFile; fileRef = 1DC9908B1DE65C5F00C4F054 /* AppDelegate.swift */; };
		1DC9908E1DE65C5F00C4F054 /* ViewController.swift in Sources */ = {isa = PBXBuildFile; fileRef = 1DC9908D1DE65C5F00C4F054 /* ViewController.swift */; };
		1DC990911DE65C5F00C4F054 /* Main.storyboard in Resources */ = {isa = PBXBuildFile; fileRef = 1DC9908F1DE65C5F00C4F054 /* Main.storyboard */; };
		1DC990931DE65C5F00C4F054 /* Assets.xcassets in Resources */ = {isa = PBXBuildFile; fileRef = 1DC990921DE65C5F00C4F054 /* Assets.xcassets */; };
		1DC990961DE65C5F00C4F054 /* LaunchScreen.storyboard in Resources */ = {isa = PBXBuildFile; fileRef = 1DC990941DE65C5F00C4F054 /* LaunchScreen.storyboard */; };
		1DC990A11DE65C5F00C4F054 /* SnapshotTests.swift in Sources */ = {isa = PBXBuildFile; fileRef = 1DC990A01DE65C5F00C4F054 /* SnapshotTests.swift */; };
/* End PBXBuildFile section */

/* Begin PBXContainerItemProxy section */
		1DC9909D1DE65C5F00C4F054 /* PBXContainerItemProxy */ = {
			isa = PBXContainerItemProxy;
			containerPortal = 1DC990801DE65C5F00C4F054 /* Project object */;
			proxyType = 1;
			remoteGlobalIDString = 1DC990871DE65C5F00C4F054;
			remoteInfo = Snapshot;
		};
/* End PBXContainerItemProxy section */

/* Begin PBXFileReference section */
		1DC990881DE65C5F00C4F054 /* Snapshot.app */ = {isa = PBXFileReference; explicitFileType = wrapper.application; includeInIndex = 0; path = Snapshot.app; sourceTree = BUILT_PRODUCTS_DIR; };
		1DC9908B1DE65C5F00C4F054 /* AppDelegate.swift */ = {isa = PBXFileReference; lastKnownFileType = sourcecode.swift; path = AppDelegate.swift; sourceTree = "<group>"; };
		1DC9908D1DE65C5F00C4F054 /* ViewController.swift */ = {isa = PBXFileReference; lastKnownFileType = sourcecode.swift; path = ViewController.swift; sourceTree = "<group>"; };
		1DC990901DE65C5F00C4F054 /* Base */ = {isa = PBXFileReference; lastKnownFileType = file.storyboard; name = Base; path = Base.lproj/Main.storyboard; sourceTree = "<group>"; };
		1DC990921DE65C5F00C4F054 /* Assets.xcassets */ = {isa = PBXFileReference; lastKnownFileType = folder.assetcatalog; path = Assets.xcassets; sourceTree = "<group>"; };
		1DC990951DE65C5F00C4F054 /* Base */ = {isa = PBXFileReference; lastKnownFileType = file.storyboard; name = Base; path = Base.lproj/LaunchScreen.storyboard; sourceTree = "<group>"; };
		1DC990971DE65C5F00C4F054 /* Info.plist */ = {isa = PBXFileReference; lastKnownFileType = text.plist.xml; path = Info.plist; sourceTree = "<group>"; };
		1DC9909C1DE65C5F00C4F054 /* SnapshotTests.xctest */ = {isa = PBXFileReference; explicitFileType = wrapper.cfbundle; includeInIndex = 0; path = SnapshotTests.xctest; sourceTree = BUILT_PRODUCTS_DIR; };
		1DC990A01DE65C5F00C4F054 /* SnapshotTests.swift */ = {isa = PBXFileReference; lastKnownFileType = sourcecode.swift; path = SnapshotTests.swift; sourceTree = "<group>"; };
		1DC990A21DE65C5F00C4F054 /* Info.plist */ = {isa = PBXFileReference; lastKnownFileType = text.plist.xml; path = Info.plist; sourceTree = "<group>"; };
/* End PBXFileReference section */

/* Begin PBXFrameworksBuildPhase section */
		1DC990851DE65C5F00C4F054 /* Frameworks */ = {
			isa = PBXFrameworksBuildPhase;
			buildActionMask = 2147483647;
			files = (
			);
			runOnlyForDeploymentPostprocessing = 0;
		};
		1DC990991DE65C5F00C4F054 /* Frameworks */ = {
			isa = PBXFrameworksBuildPhase;
			buildActionMask = 2147483647;
			files = (
			);
			runOnlyForDeploymentPostprocessing = 0;
		};
/* End PBXFrameworksBuildPhase section */

/* Begin PBXGroup section */
		1DC9907F1DE65C5F00C4F054 = {
			isa = PBXGroup;
			children = (
				1DC9908A1DE65C5F00C4F054 /* Snapshot */,
				1DC9909F1DE65C5F00C4F054 /* SnapshotTests */,
				1DC990891DE65C5F00C4F054 /* Products */,
			);
			sourceTree = "<group>";
		};
		1DC990891DE65C5F00C4F054 /* Products */ = {
			isa = PBXGroup;
			children = (
				1DC990881DE65C5F00C4F054 /* Snapshot.app */,
				1DC9909C1DE65C5F00C4F054 /* SnapshotTests.xctest */,
			);
			name = Products;
			sourceTree = "<group>";
		};
		1DC9908A1DE65C5F00C4F054 /* Snapshot */ = {
			isa = PBXGroup;
			children = (
				1DC9908B1DE65C5F00C4F054 /* AppDelegate.swift */,
				1DC9908D1DE65C5F00C4F054 /* ViewController.swift */,
				1DC9908F1DE65C5F00C4F054 /* Main.storyboard */,
				1DC990921DE65C5F00C4F054 /* Assets.xcassets */,
				1DC990941DE65C5F00C4F054 /* LaunchScreen.storyboard */,
				1DC990971DE65C5F00C4F054 /* Info.plist */,
			);
			path = Snapshot;
			sourceTree = "<group>";
		};
		1DC9909F1DE65C5F00C4F054 /* SnapshotTests */ = {
			isa = PBXGroup;
			children = (
				1DC990A01DE65C5F00C4F054 /* SnapshotTests.swift */,
				1DC990A21DE65C5F00C4F054 /* Info.plist */,
			);
			path = SnapshotTests;
			sourceTree = "<group>";
		};
/* End PBXGroup section */

/* Begin PBXNativeTarget section */
		1DC990871DE65C5F00C4F054 /* Snapshot */ = {
			isa = PBXNativeTarget;
			buildConfigurationList = 1DC990A51DE65C5F00C4F054 /* Build configuration list for PBXNativeTarget "Snapshot" */;
			buildPhases = (
				1DC990841DE65C5F00C4F054 /* Sources */,
				1DC990851DE65C5F00C4F054 /* Frameworks */,
				1DC990861DE65C5F00C4F054 /* Resources */,
			);
			buildRules = (
			);
			dependencies = (
			);
			name = Snapshot;
			productName = Snapshot;
			productReference = 1DC990881DE65C5F00C4F054 /* Snapshot.app */;
			productType = "com.apple.product-type.application";
		};
		1DC9909B1DE65C5F00C4F054 /* SnapshotTests */ = {
			isa = PBXNativeTarget;
			buildConfigurationList = 1DC990A81DE65C5F00C4F054 /* Build configuration list for PBXNativeTarget "SnapshotTests" */;
			buildPhases = (
				1DC990981DE65C5F00C4F054 /* Sources */,
				1DC990991DE65C5F00C4F054 /* Frameworks */,
				1DC9909A1DE65C5F00C4F054 /* Resources */,
			);
			buildRules = (
			);
			dependencies = (
				1DC9909E1DE65C5F00C4F054 /* PBXTargetDependency */,
			);
			name = SnapshotTests;
			productName = SnapshotTests;
			productReference = 1DC9909C1DE65C5F00C4F054 /* SnapshotTests.xctest */;
			productType = "com.apple.product-type.bundle.unit-test";
		};
/* End PBXNativeTarget section */

/* Begin PBXProject section */
		1DC990801DE65C5F00C4F054 /* Project object */ = {
			isa = PBXProject;
			attributes = {
				LastSwiftUpdateCheck = 0810;
				LastUpgradeCheck = 0810;
				ORGANIZATIONNAME = "Bruno Mazzo";
				TargetAttributes = {
					1DC990871DE65C5F00C4F054 = {
						CreatedOnToolsVersion = 8.1;
						DevelopmentTeam = 2X4LBZ9HK8;
						ProvisioningStyle = Automatic;
					};
					1DC9909B1DE65C5F00C4F054 = {
						CreatedOnToolsVersion = 8.1;
						DevelopmentTeam = 2X4LBZ9HK8;
						ProvisioningStyle = Automatic;
						TestTargetID = 1DC990871DE65C5F00C4F054;
					};
				};
			};
			buildConfigurationList = 1DC990831DE65C5F00C4F054 /* Build configuration list for PBXProject "Snapshot" */;
			compatibilityVersion = "Xcode 3.2";
			developmentRegion = English;
			hasScannedForEncodings = 0;
			knownRegions = (
				en,
				Base,
			);
			mainGroup = 1DC9907F1DE65C5F00C4F054;
			productRefGroup = 1DC990891DE65C5F00C4F054 /* Products */;
			projectDirPath = "";
			projectRoot = "";
			targets = (
				1DC990871DE65C5F00C4F054 /* Snapshot */,
				1DC9909B1DE65C5F00C4F054 /* SnapshotTests */,
			);
		};
/* End PBXProject section */

/* Begin PBXResourcesBuildPhase section */
		1DC990861DE65C5F00C4F054 /* Resources */ = {
			isa = PBXResourcesBuildPhase;
			buildActionMask = 2147483647;
			files = (
				1DC990961DE65C5F00C4F054 /* LaunchScreen.storyboard in Resources */,
				1DC990931DE65C5F00C4F054 /* Assets.xcassets in Resources */,
				1DC990911DE65C5F00C4F054 /* Main.storyboard in Resources */,
			);
			runOnlyForDeploymentPostprocessing = 0;
		};
		1DC9909A1DE65C5F00C4F054 /* Resources */ = {
			isa = PBXResourcesBuildPhase;
			buildActionMask = 2147483647;
			files = (
			);
			runOnlyForDeploymentPostprocessing = 0;
		};
/* End PBXResourcesBuildPhase section */

/* Begin PBXSourcesBuildPhase section */
		1DC990841DE65C5F00C4F054 /* Sources */ = {
			isa = PBXSourcesBuildPhase;
			buildActionMask = 2147483647;
			files = (
				1DC9908E1DE65C5F00C4F054 /* ViewController.swift in Sources */,
				1DC9908C1DE65C5F00C4F054 /* AppDelegate.swift in Sources */,
			);
			runOnlyForDeploymentPostprocessing = 0;
		};
		1DC990981DE65C5F00C4F054 /* Sources */ = {
			isa = PBXSourcesBuildPhase;
			buildActionMask = 2147483647;
			files = (
				1DC990A11DE65C5F00C4F054 /* SnapshotTests.swift in Sources */,
			);
			runOnlyForDeploymentPostprocessing = 0;
		};
/* End PBXSourcesBuildPhase section */

/* Begin PBXTargetDependency section */
		1DC9909E1DE65C5F00C4F054 /* PBXTargetDependency */ = {
			isa = PBXTargetDependency;
			target = 1DC990871DE65C5F00C4F054 /* Snapshot */;
			targetProxy = 1DC9909D1DE65C5F00C4F054 /* PBXContainerItemProxy */;
		};
/* End PBXTargetDependency section */

/* Begin PBXVariantGroup section */
		1DC9908F1DE65C5F00C4F054 /* Main.storyboard */ = {
			isa = PBXVariantGroup;
			children = (
				1DC990901DE65C5F00C4F054 /* Base */,
			);
			name = Main.storyboard;
			sourceTree = "<group>";
		};
		1DC990941DE65C5F00C4F054 /* LaunchScreen.storyboard */ = {
			isa = PBXVariantGroup;
			children = (
				1DC990951DE65C5F00C4F054 /* Base */,
			);
			name = LaunchScreen.storyboard;
			sourceTree = "<group>";
		};
/* End PBXVariantGroup section */

/* Begin XCBuildConfiguration section */
		1DC990A31DE65C5F00C4F054 /* Debug */ = {
			isa = XCBuildConfiguration;
			buildSettings = {
				ALWAYS_SEARCH_USER_PATHS = NO;
				CLANG_ANALYZER_NONNULL = YES;
				CLANG_CXX_LANGUAGE_STANDARD = "gnu++0x";
				CLANG_CXX_LIBRARY = "libc++";
				CLANG_ENABLE_MODULES = YES;
				CLANG_ENABLE_OBJC_ARC = YES;
				CLANG_WARN_BOOL_CONVERSION = YES;
				CLANG_WARN_CONSTANT_CONVERSION = YES;
				CLANG_WARN_DIRECT_OBJC_ISA_USAGE = YES_ERROR;
				CLANG_WARN_DOCUMENTATION_COMMENTS = YES;
				CLANG_WARN_EMPTY_BODY = YES;
				CLANG_WARN_ENUM_CONVERSION = YES;
				CLANG_WARN_INFINITE_RECURSION = YES;
				CLANG_WARN_INT_CONVERSION = YES;
				CLANG_WARN_OBJC_ROOT_CLASS = YES_ERROR;
				CLANG_WARN_SUSPICIOUS_MOVES = YES;
				CLANG_WARN_UNREACHABLE_CODE = YES;
				CLANG_WARN__DUPLICATE_METHOD_MATCH = YES;
				"CODE_SIGN_IDENTITY[sdk=iphoneos*]" = "iPhone Developer";
				COPY_PHASE_STRIP = NO;
				DEBUG_INFORMATION_FORMAT = dwarf;
				ENABLE_STRICT_OBJC_MSGSEND = YES;
				ENABLE_TESTABILITY = YES;
				GCC_C_LANGUAGE_STANDARD = gnu99;
				GCC_DYNAMIC_NO_PIC = NO;
				GCC_NO_COMMON_BLOCKS = YES;
				GCC_OPTIMIZATION_LEVEL = 0;
				GCC_PREPROCESSOR_DEFINITIONS = (
					"DEBUG=1",
					"$(inherited)",
				);
				GCC_WARN_64_TO_32_BIT_CONVERSION = YES;
				GCC_WARN_ABOUT_RETURN_TYPE = YES_ERROR;
				GCC_WARN_UNDECLARED_SELECTOR = YES;
				GCC_WARN_UNINITIALIZED_AUTOS = YES_AGGRESSIVE;
				GCC_WARN_UNUSED_FUNCTION = YES;
				GCC_WARN_UNUSED_VARIABLE = YES;
				IPHONEOS_DEPLOYMENT_TARGET = 10.1;
				MTL_ENABLE_DEBUG_INFO = YES;
				ONLY_ACTIVE_ARCH = YES;
				SDKROOT = iphoneos;
				SWIFT_ACTIVE_COMPILATION_CONDITIONS = DEBUG;
				SWIFT_OPTIMIZATION_LEVEL = "-Onone";
			};
			name = Debug;
		};
		1DC990A41DE65C5F00C4F054 /* Release */ = {
			isa = XCBuildConfiguration;
			buildSettings = {
				ALWAYS_SEARCH_USER_PATHS = NO;
				CLANG_ANALYZER_NONNULL = YES;
				CLANG_CXX_LANGUAGE_STANDARD = "gnu++0x";
				CLANG_CXX_LIBRARY = "libc++";
				CLANG_ENABLE_MODULES = YES;
				CLANG_ENABLE_OBJC_ARC = YES;
				CLANG_WARN_BOOL_CONVERSION = YES;
				CLANG_WARN_CONSTANT_CONVERSION = YES;
				CLANG_WARN_DIRECT_OBJC_ISA_USAGE = YES_ERROR;
				CLANG_WARN_DOCUMENTATION_COMMENTS = YES;
				CLANG_WARN_EMPTY_BODY = YES;
				CLANG_WARN_ENUM_CONVERSION = YES;
				CLANG_WARN_INFINITE_RECURSION = YES;
				CLANG_WARN_INT_CONVERSION = YES;
				CLANG_WARN_OBJC_ROOT_CLASS = YES_ERROR;
				CLANG_WARN_SUSPICIOUS_MOVES = YES;
				CLANG_WARN_UNREACHABLE_CODE = YES;
				CLANG_WARN__DUPLICATE_METHOD_MATCH = YES;
				"CODE_SIGN_IDENTITY[sdk=iphoneos*]" = "iPhone Developer";
				COPY_PHASE_STRIP = NO;
				DEBUG_INFORMATION_FORMAT = "dwarf-with-dsym";
				ENABLE_NS_ASSERTIONS = NO;
				ENABLE_STRICT_OBJC_MSGSEND = YES;
				GCC_C_LANGUAGE_STANDARD = gnu99;
				GCC_NO_COMMON_BLOCKS = YES;
				GCC_WARN_64_TO_32_BIT_CONVERSION = YES;
				GCC_WARN_ABOUT_RETURN_TYPE = YES_ERROR;
				GCC_WARN_UNDECLARED_SELECTOR = YES;
				GCC_WARN_UNINITIALIZED_AUTOS = YES_AGGRESSIVE;
				GCC_WARN_UNUSED_FUNCTION = YES;
				GCC_WARN_UNUSED_VARIABLE = YES;
				IPHONEOS_DEPLOYMENT_TARGET = 10.1;
				MTL_ENABLE_DEBUG_INFO = NO;
				SDKROOT = iphoneos;
				SWIFT_OPTIMIZATION_LEVEL = "-Owholemodule";
				VALIDATE_PRODUCT = YES;
			};
			name = Release;
		};
		1DC990A61DE65C5F00C4F054 /* Debug */ = {
			isa = XCBuildConfiguration;
			buildSettings = {
				ASSETCATALOG_COMPILER_APPICON_NAME = AppIcon;
				DEVELOPMENT_TEAM = 2X4LBZ9HK8;
				INFOPLIST_FILE = Snapshot/Info.plist;
				LD_RUNPATH_SEARCH_PATHS = "$(inherited) @executable_path/Frameworks";
				PRODUCT_BUNDLE_IDENTIFIER = com.br.brunomazzo.Snapshot;
				PRODUCT_NAME = "$(TARGET_NAME)";
				SWIFT_VERSION = 3.0;
			};
			name = Debug;
		};
		1DC990A71DE65C5F00C4F054 /* Release */ = {
			isa = XCBuildConfiguration;
			buildSettings = {
				ASSETCATALOG_COMPILER_APPICON_NAME = AppIcon;
				DEVELOPMENT_TEAM = 2X4LBZ9HK8;
				INFOPLIST_FILE = Snapshot/Info.plist;
				LD_RUNPATH_SEARCH_PATHS = "$(inherited) @executable_path/Frameworks";
				PRODUCT_BUNDLE_IDENTIFIER = com.br.brunomazzo.Snapshot;
				PRODUCT_NAME = "$(TARGET_NAME)";
				SWIFT_VERSION = 3.0;
			};
			name = Release;
		};
		1DC990A91DE65C5F00C4F054 /* Debug */ = {
			isa = XCBuildConfiguration;
			buildSettings = {
				ALWAYS_EMBED_SWIFT_STANDARD_LIBRARIES = YES;
				BUNDLE_LOADER = "$(TEST_HOST)";
				DEVELOPMENT_TEAM = 2X4LBZ9HK8;
				INFOPLIST_FILE = SnapshotTests/Info.plist;
				LD_RUNPATH_SEARCH_PATHS = "$(inherited) @executable_path/Frameworks @loader_path/Frameworks";
				PRODUCT_BUNDLE_IDENTIFIER = com.br.brunomazzo.SnapshotTests;
				PRODUCT_NAME = "$(TARGET_NAME)";
				SWIFT_VERSION = 3.0;
				TEST_HOST = "$(BUILT_PRODUCTS_DIR)/Snapshot.app/Snapshot";
			};
			name = Debug;
		};
		1DC990AA1DE65C5F00C4F054 /* Release */ = {
			isa = XCBuildConfiguration;
			buildSettings = {
				ALWAYS_EMBED_SWIFT_STANDARD_LIBRARIES = YES;
				BUNDLE_LOADER = "$(TEST_HOST)";
				DEVELOPMENT_TEAM = 2X4LBZ9HK8;
				INFOPLIST_FILE = SnapshotTests/Info.plist;
				LD_RUNPATH_SEARCH_PATHS = "$(inherited) @executable_path/Frameworks @loader_path/Frameworks";
				PRODUCT_BUNDLE_IDENTIFIER = com.br.brunomazzo.SnapshotTests;
				PRODUCT_NAME = "$(TARGET_NAME)";
				SWIFT_VERSION = 3.0;
				TEST_HOST = "$(BUILT_PRODUCTS_DIR)/Snapshot.app/Snapshot";
			};
			name = Release;
		};
/* End XCBuildConfiguration section */

/* Begin XCConfigurationList section */
		1DC990831DE65C5F00C4F054 /* Build configuration list for PBXProject "Snapshot" */ = {
			isa = XCConfigurationList;
			buildConfigurations = (
				1DC990A31DE65C5F00C4F054 /* Debug */,
				1DC990A41DE65C5F00C4F054 /* Release */,
			);
			defaultConfigurationIsVisible = 0;
			defaultConfigurationName = Release;
		};
		1DC990A51DE65C5F00C4F054 /* Build configuration list for PBXNativeTarget "Snapshot" */ = {
			isa = XCConfigurationList;
			buildConfigurations = (
				1DC990A61DE65C5F00C4F054 /* Debug */,
				1DC990A71DE65C5F00C4F054 /* Release */,
			);
			defaultConfigurationIsVisible = 0;
		};
		1DC990A81DE65C5F00C4F054 /* Build configuration list for PBXNativeTarget "SnapshotTests" */ = {
			isa = XCConfigurationList;
			buildConfigurations = (
				1DC990A91DE65C5F00C4F054 /* Debug */,
				1DC990AA1DE65C5F00C4F054 /* Release */,
			);
			defaultConfigurationIsVisible = 0;
		};
/* End XCConfigurationList section */
	};
	rootObject = 1DC990801DE65C5F00C4F054 /* Project object */;
}
